<Solution>
  <Folder Name="/src/">
    <Project Path="src/OpsFlow.Api/OpsFlow.Api.csproj" />
    <Project Path="src/OpsFlow.Application/OpsFlow.Application.csproj" />
    <Project Path="src/OpsFlow.Contracts/OpsFlow.Contracts.csproj" />
    <Project Path="src/OpsFlow.Domain/OpsFlow.Domain.csproj" />
    <Project Path="src/OpsFlow.Infrastructure/OpsFlow.Infrastructure.csproj" />
    <Project Path="src/OpsFlow.Worker/OpsFlow.Worker.csproj" />
  </Folder>
  <Folder Name="/tests/">
    <Project Path="tests/OpsFlow.ArchitectureTests/OpsFlow.ArchitectureTests.csproj" />
    <Project Path="tests/OpsFlow.IntegrationTests/OpsFlow.IntegrationTests.csproj" />
    <Project Path="tests/OpsFlow.UnitTests/OpsFlow.UnitTests.csproj" />
  </Folder>
</Solution>
